// !$*UTF8*$!
{
	archiveVersion = 1;
	classes = {
	};
	objectVersion = 60;
	objects = {

/* Begin PBXBuildFile section */
		7A0805542B0CA89800D1157D /* CoreData.framework in Frameworks */ = {isa = PBXBuildFile; fileRef = 7A0805532B0CA89800D1157D /* CoreData.framework */; };
		7A66431E2B07BF1D00AFAEB8 /* LocationManager.swift in Sources */ = {isa = PBXBuildFile; fileRef = 7A66431D2B07BF1D00AFAEB8 /* LocationManager.swift */; };
		7A6643202B093C0000AFAEB8 /* ShopCardView.swift in Sources */ = {isa = PBXBuildFile; fileRef = 7A66431F2B093C0000AFAEB8 /* ShopCardView.swift */; };
		7A6643222B0A82EB00AFAEB8 /* Preference.swift in Sources */ = {isa = PBXBuildFile; fileRef = 7A6643212B0A82EB00AFAEB8 /* Preference.swift */; };
		7AAEA8FD2B0386F70019F35D /* TooGoodToGoApp.swift in Sources */ = {isa = PBXBuildFile; fileRef = 7AAEA8FC2B0386F70019F35D /* TooGoodToGoApp.swift */; };
		7AAEA8FF2B0386F70019F35D /* ContentView.swift in Sources */ = {isa = PBXBuildFile; fileRef = 7AAEA8FE2B0386F70019F35D /* ContentView.swift */; };
		7AAEA9012B0386F80019F35D /* Assets.xcassets in Resources */ = {isa = PBXBuildFile; fileRef = 7AAEA9002B0386F80019F35D /* Assets.xcassets */; };
		7AAEA9042B0386F80019F35D /* Preview Assets.xcassets in Resources */ = {isa = PBXBuildFile; fileRef = 7AAEA9032B0386F80019F35D /* Preview Assets.xcassets */; };
		7AAEA90E2B0386F80019F35D /* TooGoodToGoTests.swift in Sources */ = {isa = PBXBuildFile; fileRef = 7AAEA90D2B0386F80019F35D /* TooGoodToGoTests.swift */; };
		7AAEA9182B0386F80019F35D /* TooGoodToGoUITests.swift in Sources */ = {isa = PBXBuildFile; fileRef = 7AAEA9172B0386F80019F35D /* TooGoodToGoUITests.swift */; };
		7AAEA91A2B0386F80019F35D /* TooGoodToGoUITestsLaunchTests.swift in Sources */ = {isa = PBXBuildFile; fileRef = 7AAEA9192B0386F80019F35D /* TooGoodToGoUITestsLaunchTests.swift */; };
		7AB383A52B038CED0054CFA4 /* MapView.swift in Sources */ = {isa = PBXBuildFile; fileRef = 7AB383A42B038CED0054CFA4 /* MapView.swift */; };
		7AB383A92B038D200054CFA4 /* PreferenceView.swift in Sources */ = {isa = PBXBuildFile; fileRef = 7AB383A82B038D200054CFA4 /* PreferenceView.swift */; };
		7AB383AB2B038D9F0054CFA4 /* MainScreenView.swift in Sources */ = {isa = PBXBuildFile; fileRef = 7AB383AA2B038D9F0054CFA4 /* MainScreenView.swift */; };
		7AB383AD2B04CA240054CFA4 /* ShopModel.swift in Sources */ = {isa = PBXBuildFile; fileRef = 7AB383AC2B04CA240054CFA4 /* ShopModel.swift */; };
		7AB383B02B04CB810054CFA4 /* Shop.swift in Sources */ = {isa = PBXBuildFile; fileRef = 7AB383AF2B04CB810054CFA4 /* Shop.swift */; };
/* End PBXBuildFile section */

/* Begin PBXContainerItemProxy section */
		7AAEA90A2B0386F80019F35D /* PBXContainerItemProxy */ = {
			isa = PBXContainerItemProxy;
			containerPortal = 7AAEA8F12B0386F70019F35D /* Project object */;
			proxyType = 1;
			remoteGlobalIDString = 7AAEA8F82B0386F70019F35D;
			remoteInfo = TooGoodToGo;
		};
		7AAEA9142B0386F80019F35D /* PBXContainerItemProxy */ = {
			isa = PBXContainerItemProxy;
			containerPortal = 7AAEA8F12B0386F70019F35D /* Project object */;
			proxyType = 1;
			remoteGlobalIDString = 7AAEA8F82B0386F70019F35D;
			remoteInfo = TooGoodToGo;
		};
/* End PBXContainerItemProxy section */

/* Begin PBXFileReference section */
		7A0805532B0CA89800D1157D /* CoreData.framework */ = {isa = PBXFileReference; lastKnownFileType = wrapper.framework; name = CoreData.framework; path = System/Library/Frameworks/CoreData.framework; sourceTree = SDKROOT; };
		7A66431D2B07BF1D00AFAEB8 /* LocationManager.swift */ = {isa = PBXFileReference; lastKnownFileType = sourcecode.swift; path = LocationManager.swift; sourceTree = "<group>"; };
		7A66431F2B093C0000AFAEB8 /* ShopCardView.swift */ = {isa = PBXFileReference; lastKnownFileType = sourcecode.swift; path = ShopCardView.swift; sourceTree = "<group>"; };
		7A6643212B0A82EB00AFAEB8 /* Preference.swift */ = {isa = PBXFileReference; lastKnownFileType = sourcecode.swift; path = Preference.swift; sourceTree = "<group>"; };
		7AAEA8F92B0386F70019F35D /* TooGoodToGo.app */ = {isa = PBXFileReference; explicitFileType = wrapper.application; includeInIndex = 0; path = TooGoodToGo.app; sourceTree = BUILT_PRODUCTS_DIR; };
		7AAEA8FC2B0386F70019F35D /* TooGoodToGoApp.swift */ = {isa = PBXFileReference; lastKnownFileType = sourcecode.swift; path = TooGoodToGoApp.swift; sourceTree = "<group>"; };
		7AAEA8FE2B0386F70019F35D /* ContentView.swift */ = {isa = PBXFileReference; lastKnownFileType = sourcecode.swift; path = ContentView.swift; sourceTree = "<group>"; };
		7AAEA9002B0386F80019F35D /* Assets.xcassets */ = {isa = PBXFileReference; lastKnownFileType = folder.assetcatalog; path = Assets.xcassets; sourceTree = "<group>"; };
		7AAEA9032B0386F80019F35D /* Preview Assets.xcassets */ = {isa = PBXFileReference; lastKnownFileType = folder.assetcatalog; path = "Preview Assets.xcassets"; sourceTree = "<group>"; };
		7AAEA9092B0386F80019F35D /* TooGoodToGoTests.xctest */ = {isa = PBXFileReference; explicitFileType = wrapper.cfbundle; includeInIndex = 0; path = TooGoodToGoTests.xctest; sourceTree = BUILT_PRODUCTS_DIR; };
		7AAEA90D2B0386F80019F35D /* TooGoodToGoTests.swift */ = {isa = PBXFileReference; lastKnownFileType = sourcecode.swift; path = TooGoodToGoTests.swift; sourceTree = "<group>"; };
		7AAEA9132B0386F80019F35D /* TooGoodToGoUITests.xctest */ = {isa = PBXFileReference; explicitFileType = wrapper.cfbundle; includeInIndex = 0; path = TooGoodToGoUITests.xctest; sourceTree = BUILT_PRODUCTS_DIR; };
		7AAEA9172B0386F80019F35D /* TooGoodToGoUITests.swift */ = {isa = PBXFileReference; lastKnownFileType = sourcecode.swift; path = TooGoodToGoUITests.swift; sourceTree = "<group>"; };
		7AAEA9192B0386F80019F35D /* TooGoodToGoUITestsLaunchTests.swift */ = {isa = PBXFileReference; lastKnownFileType = sourcecode.swift; path = TooGoodToGoUITestsLaunchTests.swift; sourceTree = "<group>"; };
		7AB383A42B038CED0054CFA4 /* MapView.swift */ = {isa = PBXFileReference; lastKnownFileType = sourcecode.swift; path = MapView.swift; sourceTree = "<group>"; };
		7AB383A82B038D200054CFA4 /* PreferenceView.swift */ = {isa = PBXFileReference; lastKnownFileType = sourcecode.swift; path = PreferenceView.swift; sourceTree = "<group>"; };
		7AB383AA2B038D9F0054CFA4 /* MainScreenView.swift */ = {isa = PBXFileReference; lastKnownFileType = sourcecode.swift; path = MainScreenView.swift; sourceTree = "<group>"; };
		7AB383AC2B04CA240054CFA4 /* ShopModel.swift */ = {isa = PBXFileReference; lastKnownFileType = sourcecode.swift; path = ShopModel.swift; sourceTree = "<group>"; };
		7AB383AF2B04CB810054CFA4 /* Shop.swift */ = {isa = PBXFileReference; lastKnownFileType = sourcecode.swift; path = Shop.swift; sourceTree = "<group>"; };
/* End PBXFileReference section */

/* Begin PBXFrameworksBuildPhase section */
		7AAEA8F62B0386F70019F35D /* Frameworks */ = {
			isa = PBXFrameworksBuildPhase;
			buildActionMask = 2147483647;
			files = (
				7A0805542B0CA89800D1157D /* CoreData.framework in Frameworks */,
			);
			runOnlyForDeploymentPostprocessing = 0;
		};
		7AAEA9062B0386F80019F35D /* Frameworks */ = {
			isa = PBXFrameworksBuildPhase;
			buildActionMask = 2147483647;
			files = (
			);
			runOnlyForDeploymentPostprocessing = 0;
		};
		7AAEA9102B0386F80019F35D /* Frameworks */ = {
			isa = PBXFrameworksBuildPhase;
			buildActionMask = 2147483647;
			files = (
			);
			runOnlyForDeploymentPostprocessing = 0;
		};
/* End PBXFrameworksBuildPhase section */

/* Begin PBXGroup section */
		7A0805522B0CA89800D1157D /* Frameworks */ = {
			isa = PBXGroup;
			children = (
				7A0805532B0CA89800D1157D /* CoreData.framework */,
			);
			name = Frameworks;
			sourceTree = "<group>";
		};
		7AAEA8F02B0386F70019F35D = {
			isa = PBXGroup;
			children = (
				7AB383AE2B04CB3A0054CFA4 /* ViewModel */,
				7AAEA8FB2B0386F70019F35D /* TooGoodToGo */,
				7AAEA90C2B0386F80019F35D /* TooGoodToGoTests */,
				7AAEA9162B0386F80019F35D /* TooGoodToGoUITests */,
				7AAEA8FA2B0386F70019F35D /* Products */,
				7A0805522B0CA89800D1157D /* Frameworks */,
			);
			sourceTree = "<group>";
		};
		7AAEA8FA2B0386F70019F35D /* Products */ = {
			isa = PBXGroup;
			children = (
				7AAEA8F92B0386F70019F35D /* TooGoodToGo.app */,
				7AAEA9092B0386F80019F35D /* TooGoodToGoTests.xctest */,
				7AAEA9132B0386F80019F35D /* TooGoodToGoUITests.xctest */,
			);
			name = Products;
			sourceTree = "<group>";
		};
		7AAEA8FB2B0386F70019F35D /* TooGoodToGo */ = {
			isa = PBXGroup;
			children = (
				7AB383A82B038D200054CFA4 /* PreferenceView.swift */,
				7A66431F2B093C0000AFAEB8 /* ShopCardView.swift */,
				7AB383AA2B038D9F0054CFA4 /* MainScreenView.swift */,
				7AB383A42B038CED0054CFA4 /* MapView.swift */,
				7AAEA9002B0386F80019F35D /* Assets.xcassets */,
				7AAEA9022B0386F80019F35D /* Preview Content */,
			);
			path = TooGoodToGo;
			sourceTree = "<group>";
		};
		7AAEA9022B0386F80019F35D /* Preview Content */ = {
			isa = PBXGroup;
			children = (
				7AAEA9032B0386F80019F35D /* Preview Assets.xcassets */,
			);
			path = "Preview Content";
			sourceTree = "<group>";
		};
		7AAEA90C2B0386F80019F35D /* TooGoodToGoTests */ = {
			isa = PBXGroup;
			children = (
				7AAEA90D2B0386F80019F35D /* TooGoodToGoTests.swift */,
			);
			path = TooGoodToGoTests;
			sourceTree = "<group>";
		};
		7AAEA9162B0386F80019F35D /* TooGoodToGoUITests */ = {
			isa = PBXGroup;
			children = (
				7AAEA9172B0386F80019F35D /* TooGoodToGoUITests.swift */,
				7AAEA9192B0386F80019F35D /* TooGoodToGoUITestsLaunchTests.swift */,
			);
			path = TooGoodToGoUITests;
			sourceTree = "<group>";
		};
		7AB383A32B038C9F0054CFA4 /* Model */ = {
			isa = PBXGroup;
			children = (
				7AB383AF2B04CB810054CFA4 /* Shop.swift */,
				7A6643212B0A82EB00AFAEB8 /* Preference.swift */,
				7AAEA8FC2B0386F70019F35D /* TooGoodToGoApp.swift */,
				7AAEA8FE2B0386F70019F35D /* ContentView.swift */,
			);
			path = Model;
			sourceTree = "<group>";
		};
		7AB383AE2B04CB3A0054CFA4 /* ViewModel */ = {
			isa = PBXGroup;
			children = (
				7AB383AC2B04CA240054CFA4 /* ShopModel.swift */,
				7A66431D2B07BF1D00AFAEB8 /* LocationManager.swift */,
				7AB383A32B038C9F0054CFA4 /* Model */,
			);
			path = ViewModel;
			sourceTree = "<group>";
		};
/* End PBXGroup section */

/* Begin PBXNativeTarget section */
		7AAEA8F82B0386F70019F35D /* TooGoodToGo */ = {
			isa = PBXNativeTarget;
			buildConfigurationList = 7AAEA91D2B0386F80019F35D /* Build configuration list for PBXNativeTarget "TooGoodToGo" */;
			buildPhases = (
				7AAEA8F52B0386F70019F35D /* Sources */,
				7AAEA8F62B0386F70019F35D /* Frameworks */,
				7AAEA8F72B0386F70019F35D /* Resources */,
			);
			buildRules = (
			);
			dependencies = (
			);
			name = TooGoodToGo;
			productName = TooGoodToGo;
			productReference = 7AAEA8F92B0386F70019F35D /* TooGoodToGo.app */;
			productType = "com.apple.product-type.application";
		};
		7AAEA9082B0386F80019F35D /* TooGoodToGoTests */ = {
			isa = PBXNativeTarget;
			buildConfigurationList = 7AAEA9202B0386F80019F35D /* Build configuration list for PBXNativeTarget "TooGoodToGoTests" */;
			buildPhases = (
				7AAEA9052B0386F80019F35D /* Sources */,
				7AAEA9062B0386F80019F35D /* Frameworks */,
				7AAEA9072B0386F80019F35D /* Resources */,
			);
			buildRules = (
			);
			dependencies = (
				7AAEA90B2B0386F80019F35D /* PBXTargetDependency */,
			);
			name = TooGoodToGoTests;
			productName = TooGoodToGoTests;
			productReference = 7AAEA9092B0386F80019F35D /* TooGoodToGoTests.xctest */;
			productType = "com.apple.product-type.bundle.unit-test";
		};
		7AAEA9122B0386F80019F35D /* TooGoodToGoUITests */ = {
			isa = PBXNativeTarget;
			buildConfigurationList = 7AAEA9232B0386F80019F35D /* Build configuration list for PBXNativeTarget "TooGoodToGoUITests" */;
			buildPhases = (
				7AAEA90F2B0386F80019F35D /* Sources */,
				7AAEA9102B0386F80019F35D /* Frameworks */,
				7AAEA9112B0386F80019F35D /* Resources */,
			);
			buildRules = (
			);
			dependencies = (
				7AAEA9152B0386F80019F35D /* PBXTargetDependency */,
			);
			name = TooGoodToGoUITests;
			productName = TooGoodToGoUITests;
			productReference = 7AAEA9132B0386F80019F35D /* TooGoodToGoUITests.xctest */;
			productType = "com.apple.product-type.bundle.ui-testing";
		};
/* End PBXNativeTarget section */

/* Begin PBXProject section */
		7AAEA8F12B0386F70019F35D /* Project object */ = {
			isa = PBXProject;
			attributes = {
				BuildIndependentTargetsInParallel = 1;
				LastSwiftUpdateCheck = 1500;
				LastUpgradeCheck = 1500;
				TargetAttributes = {
					7AAEA8F82B0386F70019F35D = {
						CreatedOnToolsVersion = 15.0;
					};
					7AAEA9082B0386F80019F35D = {
						CreatedOnToolsVersion = 15.0;
						TestTargetID = 7AAEA8F82B0386F70019F35D;
					};
					7AAEA9122B0386F80019F35D = {
						CreatedOnToolsVersion = 15.0;
						TestTargetID = 7AAEA8F82B0386F70019F35D;
					};
				};
			};
			buildConfigurationList = 7AAEA8F42B0386F70019F35D /* Build configuration list for PBXProject "TooGoodToGo" */;
			compatibilityVersion = "Xcode 15.0";
			developmentRegion = en;
			hasScannedForEncodings = 0;
			knownRegions = (
				en,
				Base,
			);
			mainGroup = 7AAEA8F02B0386F70019F35D;
			productRefGroup = 7AAEA8FA2B0386F70019F35D /* Products */;
			projectDirPath = "";
			projectRoot = "";
			targets = (
				7AAEA8F82B0386F70019F35D /* TooGoodToGo */,
				7AAEA9082B0386F80019F35D /* TooGoodToGoTests */,
				7AAEA9122B0386F80019F35D /* TooGoodToGoUITests */,
			);
		};
/* End PBXProject section */

/* Begin PBXResourcesBuildPhase section */
		7AAEA8F72B0386F70019F35D /* Resources */ = {
			isa = PBXResourcesBuildPhase;
			buildActionMask = 2147483647;
			files = (
				7AAEA9042B0386F80019F35D /* Preview Assets.xcassets in Resources */,
				7AAEA9012B0386F80019F35D /* Assets.xcassets in Resources */,
			);
			runOnlyForDeploymentPostprocessing = 0;
		};
		7AAEA9072B0386F80019F35D /* Resources */ = {
			isa = PBXResourcesBuildPhase;
			buildActionMask = 2147483647;
			files = (
			);
			runOnlyForDeploymentPostprocessing = 0;
		};
		7AAEA9112B0386F80019F35D /* Resources */ = {
			isa = PBXResourcesBuildPhase;
			buildActionMask = 2147483647;
			files = (
			);
			runOnlyForDeploymentPostprocessing = 0;
		};
/* End PBXResourcesBuildPhase section */

/* Begin PBXSourcesBuildPhase section */
		7AAEA8F52B0386F70019F35D /* Sources */ = {
			isa = PBXSourcesBuildPhase;
			buildActionMask = 2147483647;
			files = (
				7A6643222B0A82EB00AFAEB8 /* Preference.swift in Sources */,
				7AAEA8FF2B0386F70019F35D /* ContentView.swift in Sources */,
				7AB383AB2B038D9F0054CFA4 /* MainScreenView.swift in Sources */,
				7AB383A92B038D200054CFA4 /* PreferenceView.swift in Sources */,
				7AB383A52B038CED0054CFA4 /* MapView.swift in Sources */,
				7AB383B02B04CB810054CFA4 /* Shop.swift in Sources */,
				7AAEA8FD2B0386F70019F35D /* TooGoodToGoApp.swift in Sources */,
				7AB383AD2B04CA240054CFA4 /* ShopModel.swift in Sources */,
				7A66431E2B07BF1D00AFAEB8 /* LocationManager.swift in Sources */,
				7A6643202B093C0000AFAEB8 /* ShopCardView.swift in Sources */,
			);
			runOnlyForDeploymentPostprocessing = 0;
		};
		7AAEA9052B0386F80019F35D /* Sources */ = {
			isa = PBXSourcesBuildPhase;
			buildActionMask = 2147483647;
			files = (
				7AAEA90E2B0386F80019F35D /* TooGoodToGoTests.swift in Sources */,
			);
			runOnlyForDeploymentPostprocessing = 0;
		};
		7AAEA90F2B0386F80019F35D /* Sources */ = {
			isa = PBXSourcesBuildPhase;
			buildActionMask = 2147483647;
			files = (
				7AAEA9182B0386F80019F35D /* TooGoodToGoUITests.swift in Sources */,
				7AAEA91A2B0386F80019F35D /* TooGoodToGoUITestsLaunchTests.swift in Sources */,
			);
			runOnlyForDeploymentPostprocessing = 0;
		};
/* End PBXSourcesBuildPhase section */

/* Begin PBXTargetDependency section */
		7AAEA90B2B0386F80019F35D /* PBXTargetDependency */ = {
			isa = PBXTargetDependency;
			target = 7AAEA8F82B0386F70019F35D /* TooGoodToGo */;
			targetProxy = 7AAEA90A2B0386F80019F35D /* PBXContainerItemProxy */;
		};
		7AAEA9152B0386F80019F35D /* PBXTargetDependency */ = {
			isa = PBXTargetDependency;
			target = 7AAEA8F82B0386F70019F35D /* TooGoodToGo */;
			targetProxy = 7AAEA9142B0386F80019F35D /* PBXContainerItemProxy */;
		};
/* End PBXTargetDependency section */

/* Begin XCBuildConfiguration section */
		7AAEA91B2B0386F80019F35D /* Debug */ = {
			isa = XCBuildConfiguration;
			buildSettings = {
				ALWAYS_SEARCH_USER_PATHS = NO;
				ASSETCATALOG_COMPILER_GENERATE_SWIFT_ASSET_SYMBOL_EXTENSIONS = YES;
				CLANG_ANALYZER_NONNULL = YES;
				CLANG_ANALYZER_NUMBER_OBJECT_CONVERSION = YES_AGGRESSIVE;
				CLANG_CXX_LANGUAGE_STANDARD = "gnu++20";
				CLANG_ENABLE_MODULES = YES;
				CLANG_ENABLE_OBJC_ARC = YES;
				CLANG_ENABLE_OBJC_WEAK = YES;
				CLANG_WARN_BLOCK_CAPTURE_AUTORELEASING = YES;
				CLANG_WARN_BOOL_CONVERSION = YES;
				CLANG_WARN_COMMA = YES;
				CLANG_WARN_CONSTANT_CONVERSION = YES;
				CLANG_WARN_DEPRECATED_OBJC_IMPLEMENTATIONS = YES;
				CLANG_WARN_DIRECT_OBJC_ISA_USAGE = YES_ERROR;
				CLANG_WARN_DOCUMENTATION_COMMENTS = YES;
				CLANG_WARN_EMPTY_BODY = YES;
				CLANG_WARN_ENUM_CONVERSION = YES;
				CLANG_WARN_INFINITE_RECURSION = YES;
				CLANG_WARN_INT_CONVERSION = YES;
				CLANG_WARN_NON_LITERAL_NULL_CONVERSION = YES;
				CLANG_WARN_OBJC_IMPLICIT_RETAIN_SELF = YES;
				CLANG_WARN_OBJC_LITERAL_CONVERSION = YES;
				CLANG_WARN_OBJC_ROOT_CLASS = YES_ERROR;
				CLANG_WARN_QUOTED_INCLUDE_IN_FRAMEWORK_HEADER = YES;
				CLANG_WARN_RANGE_LOOP_ANALYSIS = YES;
				CLANG_WARN_STRICT_PROTOTYPES = YES;
				CLANG_WARN_SUSPICIOUS_MOVE = YES;
				CLANG_WARN_UNGUARDED_AVAILABILITY = YES_AGGRESSIVE;
				CLANG_WARN_UNREACHABLE_CODE = YES;
				CLANG_WARN__DUPLICATE_METHOD_MATCH = YES;
				COPY_PHASE_STRIP = NO;
				DEBUG_INFORMATION_FORMAT = dwarf;
				ENABLE_STRICT_OBJC_MSGSEND = YES;
				ENABLE_TESTABILITY = YES;
				ENABLE_USER_SCRIPT_SANDBOXING = YES;
				GCC_C_LANGUAGE_STANDARD = gnu17;
				GCC_DYNAMIC_NO_PIC = NO;
				GCC_NO_COMMON_BLOCKS = YES;
				GCC_OPTIMIZATION_LEVEL = 0;
				GCC_PREPROCESSOR_DEFINITIONS = (
					"DEBUG=1",
					"$(inherited)",
				);
				GCC_WARN_64_TO_32_BIT_CONVERSION = YES;
				GCC_WARN_ABOUT_RETURN_TYPE = YES_ERROR;
				GCC_WARN_UNDECLARED_SELECTOR = YES;
				GCC_WARN_UNINITIALIZED_AUTOS = YES_AGGRESSIVE;
				GCC_WARN_UNUSED_FUNCTION = YES;
				GCC_WARN_UNUSED_VARIABLE = YES;
				IPHONEOS_DEPLOYMENT_TARGET = 17.0;
				LOCALIZATION_PREFERS_STRING_CATALOGS = YES;
				MTL_ENABLE_DEBUG_INFO = INCLUDE_SOURCE;
				MTL_FAST_MATH = YES;
				ONLY_ACTIVE_ARCH = YES;
				SDKROOT = iphoneos;
				SWIFT_ACTIVE_COMPILATION_CONDITIONS = "DEBUG $(inherited)";
				SWIFT_OPTIMIZATION_LEVEL = "-Onone";
			};
			name = Debug;
		};
		7AAEA91C2B0386F80019F35D /* Release */ = {
			isa = XCBuildConfiguration;
			buildSettings = {
				ALWAYS_SEARCH_USER_PATHS = NO;
				ASSETCATALOG_COMPILER_GENERATE_SWIFT_ASSET_SYMBOL_EXTENSIONS = YES;
				CLANG_ANALYZER_NONNULL = YES;
				CLANG_ANALYZER_NUMBER_OBJECT_CONVERSION = YES_AGGRESSIVE;
				CLANG_CXX_LANGUAGE_STANDARD = "gnu++20";
				CLANG_ENABLE_MODULES = YES;
				CLANG_ENABLE_OBJC_ARC = YES;
				CLANG_ENABLE_OBJC_WEAK = YES;
				CLANG_WARN_BLOCK_CAPTURE_AUTORELEASING = YES;
				CLANG_WARN_BOOL_CONVERSION = YES;
				CLANG_WARN_COMMA = YES;
				CLANG_WARN_CONSTANT_CONVERSION = YES;
				CLANG_WARN_DEPRECATED_OBJC_IMPLEMENTATIONS = YES;
				CLANG_WARN_DIRECT_OBJC_ISA_USAGE = YES_ERROR;
				CLANG_WARN_DOCUMENTATION_COMMENTS = YES;
				CLANG_WARN_EMPTY_BODY = YES;
				CLANG_WARN_ENUM_CONVERSION = YES;
				CLANG_WARN_INFINITE_RECURSION = YES;
				CLANG_WARN_INT_CONVERSION = YES;
				CLANG_WARN_NON_LITERAL_NULL_CONVERSION = YES;
				CLANG_WARN_OBJC_IMPLICIT_RETAIN_SELF = YES;
				CLANG_WARN_OBJC_LITERAL_CONVERSION = YES;
				CLANG_WARN_OBJC_ROOT_CLASS = YES_ERROR;
				CLANG_WARN_QUOTED_INCLUDE_IN_FRAMEWORK_HEADER = YES;
				CLANG_WARN_RANGE_LOOP_ANALYSIS = YES;
				CLANG_WARN_STRICT_PROTOTYPES = YES;
				CLANG_WARN_SUSPICIOUS_MOVE = YES;
				CLANG_WARN_UNGUARDED_AVAILABILITY = YES_AGGRESSIVE;
				CLANG_WARN_UNREACHABLE_CODE = YES;
				CLANG_WARN__DUPLICATE_METHOD_MATCH = YES;
				COPY_PHASE_STRIP = NO;
				DEBUG_INFORMATION_FORMAT = "dwarf-with-dsym";
				ENABLE_NS_ASSERTIONS = NO;
				ENABLE_STRICT_OBJC_MSGSEND = YES;
				ENABLE_USER_SCRIPT_SANDBOXING = YES;
				GCC_C_LANGUAGE_STANDARD = gnu17;
				GCC_NO_COMMON_BLOCKS = YES;
				GCC_WARN_64_TO_32_BIT_CONVERSION = YES;
				GCC_WARN_ABOUT_RETURN_TYPE = YES_ERROR;
				GCC_WARN_UNDECLARED_SELECTOR = YES;
				GCC_WARN_UNINITIALIZED_AUTOS = YES_AGGRESSIVE;
				GCC_WARN_UNUSED_FUNCTION = YES;
				GCC_WARN_UNUSED_VARIABLE = YES;
				IPHONEOS_DEPLOYMENT_TARGET = 17.0;
				LOCALIZATION_PREFERS_STRING_CATALOGS = YES;
				MTL_ENABLE_DEBUG_INFO = NO;
				MTL_FAST_MATH = YES;
				SDKROOT = iphoneos;
				SWIFT_COMPILATION_MODE = wholemodule;
				VALIDATE_PRODUCT = YES;
			};
			name = Release;
		};
		7AAEA91E2B0386F80019F35D /* Debug */ = {
			isa = XCBuildConfiguration;
			buildSettings = {
				ASSETCATALOG_COMPILER_APPICON_NAME = AppIcon;
				ASSETCATALOG_COMPILER_GLOBAL_ACCENT_COLOR_NAME = AccentColor;
				CODE_SIGN_STYLE = Automatic;
				CURRENT_PROJECT_VERSION = 1;
				DEVELOPMENT_ASSET_PATHS = "\"TooGoodToGo/Preview Content\"";
				DEVELOPMENT_TEAM = ZT5GDZG66W;
				ENABLE_PREVIEWS = YES;
				GENERATE_INFOPLIST_FILE = YES;
				INFOPLIST_KEY_NSLocationWhenInUseUsageDescription = "Need location to track user's location";
				INFOPLIST_KEY_UIApplicationSceneManifest_Generation = YES;
				INFOPLIST_KEY_UIApplicationSupportsIndirectInputEvents = YES;
				INFOPLIST_KEY_UILaunchScreen_Generation = YES;
				INFOPLIST_KEY_UISupportedInterfaceOrientations_iPad = "UIInterfaceOrientationPortrait UIInterfaceOrientationPortraitUpsideDown UIInterfaceOrientationLandscapeLeft UIInterfaceOrientationLandscapeRight";
				INFOPLIST_KEY_UISupportedInterfaceOrientations_iPhone = "UIInterfaceOrientationPortrait UIInterfaceOrientationLandscapeLeft UIInterfaceOrientationLandscapeRight";
				IPHONEOS_DEPLOYMENT_TARGET = 17.0;
				LD_RUNPATH_SEARCH_PATHS = (
					"$(inherited)",
					"@executable_path/Frameworks",
				);
				MARKETING_VERSION = 1.0;
				PRODUCT_BUNDLE_IDENTIFIER = com.federicasarnataro.TooGoodToGo;
				PRODUCT_NAME = "$(TARGET_NAME)";
				SWIFT_EMIT_LOC_STRINGS = YES;
				SWIFT_VERSION = 5.0;
				TARGETED_DEVICE_FAMILY = "1,2";
			};
			name = Debug;
		};
		7AAEA91F2B0386F80019F35D /* Release */ = {
			isa = XCBuildConfiguration;
			buildSettings = {
				ASSETCATALOG_COMPILER_APPICON_NAME = AppIcon;
				ASSETCATALOG_COMPILER_GLOBAL_ACCENT_COLOR_NAME = AccentColor;
				CODE_SIGN_STYLE = Automatic;
				CURRENT_PROJECT_VERSION = 1;
				DEVELOPMENT_ASSET_PATHS = "\"TooGoodToGo/Preview Content\"";
				DEVELOPMENT_TEAM = ZT5GDZG66W;
				ENABLE_PREVIEWS = YES;
				GENERATE_INFOPLIST_FILE = YES;
				INFOPLIST_KEY_NSLocationWhenInUseUsageDescription = "Need location to track user's location";
				INFOPLIST_KEY_UIApplicationSceneManifest_Generation = YES;
				INFOPLIST_KEY_UIApplicationSupportsIndirectInputEvents = YES;
				INFOPLIST_KEY_UILaunchScreen_Generation = YES;
				INFOPLIST_KEY_UISupportedInterfaceOrientations_iPad = "UIInterfaceOrientationPortrait UIInterfaceOrientationPortraitUpsideDown UIInterfaceOrientationLandscapeLeft UIInterfaceOrientationLandscapeRight";
				INFOPLIST_KEY_UISupportedInterfaceOrientations_iPhone = "UIInterfaceOrientationPortrait UIInterfaceOrientationLandscapeLeft UIInterfaceOrientationLandscapeRight";
				IPHONEOS_DEPLOYMENT_TARGET = 17.0;
				LD_RUNPATH_SEARCH_PATHS = (
					"$(inherited)",
					"@executable_path/Frameworks",
				);
				MARKETING_VERSION = 1.0;
				PRODUCT_BUNDLE_IDENTIFIER = com.federicasarnataro.TooGoodToGo;
				PRODUCT_NAME = "$(TARGET_NAME)";
				SWIFT_EMIT_LOC_STRINGS = YES;
				SWIFT_VERSION = 5.0;
				TARGETED_DEVICE_FAMILY = "1,2";
			};
			name = Release;
		};
		7AAEA9212B0386F80019F35D /* Debug */ = {
			isa = XCBuildConfiguration;
			buildSettings = {
				ALWAYS_EMBED_SWIFT_STANDARD_LIBRARIES = YES;
				BUNDLE_LOADER = "$(TEST_HOST)";
				CODE_SIGN_STYLE = Automatic;
				CURRENT_PROJECT_VERSION = 1;
				DEVELOPMENT_TEAM = ZT5GDZG66W;
				GENERATE_INFOPLIST_FILE = YES;
				INFOPLIST_KEY_NSLocationWhenInUseUsageDescription = "Allow your position";
				IPHONEOS_DEPLOYMENT_TARGET = 17.0;
				MARKETING_VERSION = 1.0;
				PRODUCT_BUNDLE_IDENTIFIER = com.federicasarnataro.TooGoodToGoTests;
				PRODUCT_NAME = "$(TARGET_NAME)";
				SWIFT_EMIT_LOC_STRINGS = NO;
				SWIFT_VERSION = 5.0;
				TARGETED_DEVICE_FAMILY = "1,2";
				TEST_HOST = "$(BUILT_PRODUCTS_DIR)/TooGoodToGo.app/$(BUNDLE_EXECUTABLE_FOLDER_PATH)/TooGoodToGo";
			};
			name = Debug;
		};
		7AAEA9222B0386F80019F35D /* Release */ = {
			isa = XCBuildConfiguration;
			buildSettings = {
				ALWAYS_EMBED_SWIFT_STANDARD_LIBRARIES = YES;
				BUNDLE_LOADER = "$(TEST_HOST)";
				CODE_SIGN_STYLE = Automatic;
				CURRENT_PROJECT_VERSION = 1;
				DEVELOPMENT_TEAM = ZT5GDZG66W;
				GENERATE_INFOPLIST_FILE = YES;
				INFOPLIST_KEY_NSLocationWhenInUseUsageDescription = "Allow your position";
				IPHONEOS_DEPLOYMENT_TARGET = 17.0;
				MARKETING_VERSION = 1.0;
				PRODUCT_BUNDLE_IDENTIFIER = com.federicasarnataro.TooGoodToGoTests;
				PRODUCT_NAME = "$(TARGET_NAME)";
				SWIFT_EMIT_LOC_STRINGS = NO;
				SWIFT_VERSION = 5.0;
				TARGETED_DEVICE_FAMILY = "1,2";
				TEST_HOST = "$(BUILT_PRODUCTS_DIR)/TooGoodToGo.app/$(BUNDLE_EXECUTABLE_FOLDER_PATH)/TooGoodToGo";
			};
			name = Release;
		};
		7AAEA9242B0386F80019F35D /* Debug */ = {
			isa = XCBuildConfiguration;
			buildSettings = {
				ALWAYS_EMBED_SWIFT_STANDARD_LIBRARIES = YES;
				CODE_SIGN_STYLE = Automatic;
				CURRENT_PROJECT_VERSION = 1;
				DEVELOPMENT_TEAM = ZT5GDZG66W;
				GENERATE_INFOPLIST_FILE = YES;
				MARKETING_VERSION = 1.0;
				PRODUCT_BUNDLE_IDENTIFIER = com.federicasarnataro.TooGoodToGoUITests;
				PRODUCT_NAME = "$(TARGET_NAME)";
				SWIFT_EMIT_LOC_STRINGS = NO;
				SWIFT_VERSION = 5.0;
				TARGETED_DEVICE_FAMILY = "1,2";
				TEST_TARGET_NAME = TooGoodToGo;
			};
			name = Debug;
		};
		7AAEA9252B0386F80019F35D /* Release */ = {
			isa = XCBuildConfiguration;
			buildSettings = {
				ALWAYS_EMBED_SWIFT_STANDARD_LIBRARIES = YES;
				CODE_SIGN_STYLE = Automatic;
				CURRENT_PROJECT_VERSION = 1;
				DEVELOPMENT_TEAM = ZT5GDZG66W;
				GENERATE_INFOPLIST_FILE = YES;
				MARKETING_VERSION = 1.0;
				PRODUCT_BUNDLE_IDENTIFIER = com.federicasarnataro.TooGoodToGoUITests;
				PRODUCT_NAME = "$(TARGET_NAME)";
				SWIFT_EMIT_LOC_STRINGS = NO;
				SWIFT_VERSION = 5.0;
				TARGETED_DEVICE_FAMILY = "1,2";
				TEST_TARGET_NAME = TooGoodToGo;
			};
			name = Release;
		};
/* End XCBuildConfiguration section */

/* Begin XCConfigurationList section */
		7AAEA8F42B0386F70019F35D /* Build configuration list for PBXProject "TooGoodToGo" */ = {
			isa = XCConfigurationList;
			buildConfigurations = (
				7AAEA91B2B0386F80019F35D /* Debug */,
				7AAEA91C2B0386F80019F35D /* Release */,
			);
			defaultConfigurationIsVisible = 0;
			defaultConfigurationName = Release;
		};
		7AAEA91D2B0386F80019F35D /* Build configuration list for PBXNativeTarget "TooGoodToGo" */ = {
			isa = XCConfigurationList;
			buildConfigurations = (
				7AAEA91E2B0386F80019F35D /* Debug */,
				7AAEA91F2B0386F80019F35D /* Release */,
			);
			defaultConfigurationIsVisible = 0;
			defaultConfigurationName = Release;
		};
		7AAEA9202B0386F80019F35D /* Build configuration list for PBXNativeTarget "TooGoodToGoTests" */ = {
			isa = XCConfigurationList;
			buildConfigurations = (
				7AAEA9212B0386F80019F35D /* Debug */,
				7AAEA9222B0386F80019F35D /* Release */,
			);
			defaultConfigurationIsVisible = 0;
			defaultConfigurationName = Release;
		};
		7AAEA9232B0386F80019F35D /* Build configuration list for PBXNativeTarget "TooGoodToGoUITests" */ = {
			isa = XCConfigurationList;
			buildConfigurations = (
				7AAEA9242B0386F80019F35D /* Debug */,
				7AAEA9252B0386F80019F35D /* Release */,
			);
			defaultConfigurationIsVisible = 0;
			defaultConfigurationName = Release;
		};
/* End XCConfigurationList section */
	};
	rootObject = 7AAEA8F12B0386F70019F35D /* Project object */;
}
